lockfileVersion: '6.0'

settings:
  autoInstallPeers: true
  excludeLinksFromLockfile: false

importers:

  .:
    devDependencies:
      '@biomejs/biome':
        specifier: 1.6.3
        version: 1.6.3
      '@repo/typescript-config':
        specifier: workspace:*
        version: link:shared/typescript-config
      turbo:
        specifier: latest
        version: 1.13.0

  shared/typescript-config: {}

packages:

  /@biomejs/biome@1.6.3:
    resolution: {integrity: sha512-Xnp/TIpIcTnRA4LwerJuoGYQJEqwXtn5AL0U0OPXll/QGbAKmcUAfizU880xTwZRD4f53iceqODLDaD3wxYlIw==}
    engines: {node: '>=14.*'}
    hasBin: true
    requiresBuild: true
    optionalDependencies:
      '@biomejs/cli-darwin-arm64': 1.6.3
      '@biomejs/cli-darwin-x64': 1.6.3
      '@biomejs/cli-linux-arm64': 1.6.3
      '@biomejs/cli-linux-arm64-musl': 1.6.3
      '@biomejs/cli-linux-x64': 1.6.3
      '@biomejs/cli-linux-x64-musl': 1.6.3
      '@biomejs/cli-win32-arm64': 1.6.3
      '@biomejs/cli-win32-x64': 1.6.3
    dev: true

  /@biomejs/cli-darwin-arm64@1.6.3:
    resolution: {integrity: sha512-0E8PGu3/8HSkBJdtjno+niJE1ANS/12D7sPK65vw5lTBYmmaYwJdfclDp6XO0IAX7uVd3/YtXlsEua0SVrNt3Q==}
    engines: {node: '>=14.*'}
    cpu: [arm64]
    os: [darwin]
    requiresBuild: true
    dev: true
    optional: true

  /@biomejs/cli-darwin-x64@1.6.3:
    resolution: {integrity: sha512-UWu0We/aIRtWXgJKe6ygWt2xR0yXs64BwWqtZbfxBojRn3jgW8UdFAkV5yiUOX3TQlsV6BZH1EQaUAVsccUeeA==}
    engines: {node: '>=14.*'}
    cpu: [x64]
    os: [darwin]
    requiresBuild: true
    dev: true
    optional: true

  /@biomejs/cli-linux-arm64-musl@1.6.3:
    resolution: {integrity: sha512-AntGCSfLN1nPcQj4VOk3X2JgnDw07DaPC8BuBmRcsRmn+7GPSWLllVN5awIKlRPZEbGJtSnLkTiDc5Bxw8OiuA==}
    engines: {node: '>=14.*'}
    cpu: [arm64]
    os: [linux]
    requiresBuild: true
    dev: true
    optional: true

  /@biomejs/cli-linux-arm64@1.6.3:
    resolution: {integrity: sha512-wFVkQw38kOssfnkbpSh6ums5TaElw3RAt5i/VZwHmgR2nQgE0fHXLO7HwIE9VBkOEdbiIFq+2PxvFIHuJF3z3Q==}
    engines: {node: '>=14.*'}
    cpu: [arm64]
    os: [linux]
    requiresBuild: true
    dev: true
    optional: true

  /@biomejs/cli-linux-x64-musl@1.6.3:
    resolution: {integrity: sha512-GelAvGsUwbxfFpKLG+7+dvDmbrfkGqn08sL8CMQrGnhjE1krAqHWiXQsjfmi0UMFdMsk7hbc4oSAP+1+mrXcHQ==}
    engines: {node: '>=14.*'}
    cpu: [x64]
    os: [linux]
    requiresBuild: true
    dev: true
    optional: true

  /@biomejs/cli-linux-x64@1.6.3:
    resolution: {integrity: sha512-vyn8TQaTZg617hjqFitwGmb1St5XXvq6I3vmxU/QFalM74BryMSvYCrYWb2Yw/TkykdEwZTMGYp+SWHRb04fTg==}
    engines: {node: '>=14.*'}
    cpu: [x64]
    os: [linux]
    requiresBuild: true
    dev: true
    optional: true

  /@biomejs/cli-win32-arm64@1.6.3:
    resolution: {integrity: sha512-Gx8N2Tixke6pAI1BniteCVZgUUmaFEDYosdWxoaCus15BZI/7RcBxhsRM0ZL/lC66StSQ8vHl8JBrrld1k570Q==}
    engines: {node: '>=14.*'}
    cpu: [arm64]
    os: [win32]
    requiresBuild: true
    dev: true
    optional: true

  /@biomejs/cli-win32-x64@1.6.3:
    resolution: {integrity: sha512-meungPJw64SqoR7LXY1wG7GC4+4wgpyThdFUMGXa6PCe0BLFOIOcZ9VMj9PstuczMPdgmt/BUMPsj25dK1VO8A==}
    engines: {node: '>=14.*'}
    cpu: [x64]
    os: [win32]
    requiresBuild: true
    dev: true
    optional: true

  /turbo-darwin-64@1.13.0:
    resolution: {integrity: sha512-ctHeJXtQgBcgxnCXwrJTGiq57HtwF7zWz5NTuSv//5yeU01BtQIt62ArKfjudOhRefWJbX3Z5srn88XTb9hfww==}
    cpu: [x64]
    os: [darwin]
    requiresBuild: true
    dev: true
    optional: true

  /turbo-darwin-arm64@1.13.0:
    resolution: {integrity: sha512-/Q9/pNFkF9w83tNxwMpgapwLYdQ12p8mpty2YQRoUiS9ClWkcqe136jR0mtuMqzlNlpREOFZaoyIthjt6Sdo0g==}
    cpu: [arm64]
    os: [darwin]
    requiresBuild: true
    dev: true
    optional: true

  /turbo-linux-64@1.13.0:
    resolution: {integrity: sha512-hgbT7o020BGV4L7Sd8hhFTd5zVKPKxbsr0dPfel/9NkdTmptz2aGZ0Vb2MAa18SY3XaCQpDxmdYuOzvvRpo5ZA==}
    cpu: [x64]
    os: [linux]
    requiresBuild: true
    dev: true
    optional: true

  /turbo-linux-arm64@1.13.0:
    resolution: {integrity: sha512-WK01i2wDZARrV+HEs495A3hNeGMwQR5suYk7G+ceqqW7b+dOTlQdvUjnI3sg7wAnZPgjafFs/hoBaZdJjVa/nw==}
    cpu: [arm64]
    os: [linux]
    requiresBuild: true
    dev: true
    optional: true

  /turbo-windows-64@1.13.0:
    resolution: {integrity: sha512-hJgSZJZwlWHNwLEthaqJqJWGm4NqF5X/I7vE0sPE4i/jeDl8f0n1hcOkgJkJiNXVxhj+qy/9+4dzbPLKT9imaQ==}
    cpu: [x64]
    os: [win32]
    requiresBuild: true
    dev: true
    optional: true

  /turbo-windows-arm64@1.13.0:
    resolution: {integrity: sha512-L/ErxYoXeq8tmjU/AIGicC9VyBN1zdYw8JlM4yPmMI0pJdY8E4GaYK1IiIazqq7M72lmQhU/WW7fV9FqEktwrw==}
    cpu: [arm64]
    os: [win32]
    requiresBuild: true
    dev: true
    optional: true

  /turbo@1.13.0:
    resolution: {integrity: sha512-r02GtNmkOPcQvUzVE6lg474QVLyU02r3yh3lUGqrFHf5h5ZEjgDGWILsAUqplVqjri1Y/oOkTssks4CObTAaiw==}
    hasBin: true
    optionalDependencies:
      turbo-darwin-64: 1.13.0
      turbo-darwin-arm64: 1.13.0
      turbo-linux-64: 1.13.0
      turbo-linux-arm64: 1.13.0
      turbo-windows-64: 1.13.0
      turbo-windows-arm64: 1.13.0
    dev: true
