lockfileVersion: '6.0'

settings:
  autoInstallPeers: true
  excludeLinksFromLockfile: false

importers:

  .:
    devDependencies:
      '@repo/typescript-config':
        specifier: workspace:*
        version: link:shared/typescript-config
      turbo:
        specifier: latest
        version: 1.13.0

  shared/typescript-config: {}

packages:

  /turbo-darwin-64@1.13.0:
    resolution: {integrity: sha512-ctHeJXtQgBcgxnCXwrJTGiq57HtwF7zWz5NTuSv//5yeU01BtQIt62ArKfjudOhRefWJbX3Z5srn88XTb9hfww==}
    cpu: [x64]
    os: [darwin]
    requiresBuild: true
    dev: true
    optional: true

  /turbo-darwin-arm64@1.13.0:
    resolution: {integrity: sha512-/Q9/pNFkF9w83tNxwMpgapwLYdQ12p8mpty2YQRoUiS9ClWkcqe136jR0mtuMqzlNlpREOFZaoyIthjt6Sdo0g==}
    cpu: [arm64]
    os: [darwin]
    requiresBuild: true
    dev: true
    optional: true

  /turbo-linux-64@1.13.0:
    resolution: {integrity: sha512-hgbT7o020BGV4L7Sd8hhFTd5zVKPKxbsr0dPfel/9NkdTmptz2aGZ0Vb2MAa18SY3XaCQpDxmdYuOzvvRpo5ZA==}
    cpu: [x64]
    os: [linux]
    requiresBuild: true
    dev: true
    optional: true

  /turbo-linux-arm64@1.13.0:
    resolution: {integrity: sha512-WK01i2wDZARrV+HEs495A3hNeGMwQR5suYk7G+ceqqW7b+dOTlQdvUjnI3sg7wAnZPgjafFs/hoBaZdJjVa/nw==}
    cpu: [arm64]
    os: [linux]
    requiresBuild: true
    dev: true
    optional: true

  /turbo-windows-64@1.13.0:
    resolution: {integrity: sha512-hJgSZJZwlWHNwLEthaqJqJWGm4NqF5X/I7vE0sPE4i/jeDl8f0n1hcOkgJkJiNXVxhj+qy/9+4dzbPLKT9imaQ==}
    cpu: [x64]
    os: [win32]
    requiresBuild: true
    dev: true
    optional: true

  /turbo-windows-arm64@1.13.0:
    resolution: {integrity: sha512-L/ErxYoXeq8tmjU/AIGicC9VyBN1zdYw8JlM4yPmMI0pJdY8E4GaYK1IiIazqq7M72lmQhU/WW7fV9FqEktwrw==}
    cpu: [arm64]
    os: [win32]
    requiresBuild: true
    dev: true
    optional: true

  /turbo@1.13.0:
    resolution: {integrity: sha512-r02GtNmkOPcQvUzVE6lg474QVLyU02r3yh3lUGqrFHf5h5ZEjgDGWILsAUqplVqjri1Y/oOkTssks4CObTAaiw==}
    hasBin: true
    optionalDependencies:
      turbo-darwin-64: 1.13.0
      turbo-darwin-arm64: 1.13.0
      turbo-linux-64: 1.13.0
      turbo-linux-arm64: 1.13.0
      turbo-windows-64: 1.13.0
      turbo-windows-arm64: 1.13.0
    dev: true
